// !$*UTF8*$!
{
	archiveVersion = 1;
	classes = {
	};
	objectVersion = 46;
	objects = {

/* Begin PBXBuildFile section */
		97132B5E1CA53B3200699AA8 /* start.jpg in Resources */ = {isa = PBXBuildFile; fileRef = 97132B5D1CA53B3200699AA8 /* start.jpg */; };
		97132B661CA5A3BF00699AA8 /* Calculator80.png in Resources */ = {isa = PBXBuildFile; fileRef = 97132B631CA5A3BF00699AA8 /* Calculator80.png */; };
		97132B681CA5A41100699AA8 /* Assets.xcassets in Resources */ = {isa = PBXBuildFile; fileRef = 97132B671CA5A41100699AA8 /* Assets.xcassets */; };
		97132B6A1CA5A62800699AA8 /* myCal.png in Resources */ = {isa = PBXBuildFile; fileRef = 97132B691CA5A62800699AA8 /* myCal.png */; };
		9742CF051C9A8E9800EE0575 /* CalculatorBrain.swift in Sources */ = {isa = PBXBuildFile; fileRef = 9742CF041C9A8E9800EE0575 /* CalculatorBrain.swift */; };
		97792EB21C96F498004AE11A /* AppDelegate.swift in Sources */ = {isa = PBXBuildFile; fileRef = 97792EB11C96F498004AE11A /* AppDelegate.swift */; };
		97792EB41C96F498004AE11A /* ViewController.swift in Sources */ = {isa = PBXBuildFile; fileRef = 97792EB31C96F498004AE11A /* ViewController.swift */; };
		97792EB71C96F498004AE11A /* Main.storyboard in Resources */ = {isa = PBXBuildFile; fileRef = 97792EB51C96F498004AE11A /* Main.storyboard */; };
		97792EBC1C96F498004AE11A /* LaunchScreen.storyboard in Resources */ = {isa = PBXBuildFile; fileRef = 97792EBA1C96F498004AE11A /* LaunchScreen.storyboard */; };
/* End PBXBuildFile section */

/* Begin PBXFileReference section */
		97132B5D1CA53B3200699AA8 /* start.jpg */ = {isa = PBXFileReference; lastKnownFileType = image.jpeg; path = start.jpg; sourceTree = "<group>"; };
		97132B631CA5A3BF00699AA8 /* Calculator80.png */ = {isa = PBXFileReference; lastKnownFileType = image.png; path = Calculator80.png; sourceTree = "<group>"; };
		97132B671CA5A41100699AA8 /* Assets.xcassets */ = {isa = PBXFileReference; lastKnownFileType = folder.assetcatalog; path = Assets.xcassets; sourceTree = "<group>"; };
		97132B691CA5A62800699AA8 /* myCal.png */ = {isa = PBXFileReference; lastKnownFileType = image.png; path = myCal.png; sourceTree = "<group>"; };
		9742CF041C9A8E9800EE0575 /* CalculatorBrain.swift */ = {isa = PBXFileReference; fileEncoding = 4; lastKnownFileType = sourcecode.swift; path = CalculatorBrain.swift; sourceTree = "<group>"; };
		97792EAE1C96F498004AE11A /* Calculator.app */ = {isa = PBXFileReference; explicitFileType = wrapper.application; includeInIndex = 0; path = Calculator.app; sourceTree = BUILT_PRODUCTS_DIR; };
		97792EB11C96F498004AE11A /* AppDelegate.swift */ = {isa = PBXFileReference; lastKnownFileType = sourcecode.swift; path = AppDelegate.swift; sourceTree = "<group>"; };
		97792EB31C96F498004AE11A /* ViewController.swift */ = {isa = PBXFileReference; lastKnownFileType = sourcecode.swift; path = ViewController.swift; sourceTree = "<group>"; };
		97792EB61C96F498004AE11A /* Base */ = {isa = PBXFileReference; lastKnownFileType = file.storyboard; name = Base; path = Base.lproj/Main.storyboard; sourceTree = "<group>"; };
		97792EBB1C96F498004AE11A /* Base */ = {isa = PBXFileReference; lastKnownFileType = file.storyboard; name = Base; path = Base.lproj/LaunchScreen.storyboard; sourceTree = "<group>"; };
		97792EBD1C96F498004AE11A /* Info.plist */ = {isa = PBXFileReference; lastKnownFileType = text.plist.xml; path = Info.plist; sourceTree = "<group>"; };
/* End PBXFileReference section */

/* Begin PBXFrameworksBuildPhase section */
		97792EAB1C96F497004AE11A /* Frameworks */ = {
			isa = PBXFrameworksBuildPhase;
			buildActionMask = 2147483647;
			files = (
			);
			runOnlyForDeploymentPostprocessing = 0;
		};
/* End PBXFrameworksBuildPhase section */

/* Begin PBXGroup section */
		97792EA51C96F497004AE11A = {
			isa = PBXGroup;
			children = (
				97792EB01C96F498004AE11A /* Calculator */,
				97792EAF1C96F498004AE11A /* Products */,
			);
			sourceTree = "<group>";
		};
		97792EAF1C96F498004AE11A /* Products */ = {
			isa = PBXGroup;
			children = (
				97792EAE1C96F498004AE11A /* Calculator.app */,
			);
			name = Products;
			sourceTree = "<group>";
		};
		97792EB01C96F498004AE11A /* Calculator */ = {
			isa = PBXGroup;
			children = (
				97792EB51C96F498004AE11A /* Main.storyboard */,
				97792EB31C96F498004AE11A /* ViewController.swift */,
				9742CF041C9A8E9800EE0575 /* CalculatorBrain.swift */,
				97792EC31C96F568004AE11A /* Supporting Files */,
			);
			path = Calculator;
			sourceTree = "<group>";
		};
		97792EC31C96F568004AE11A /* Supporting Files */ = {
			isa = PBXGroup;
			children = (
				97132B691CA5A62800699AA8 /* myCal.png */,
				97132B671CA5A41100699AA8 /* Assets.xcassets */,
				97132B631CA5A3BF00699AA8 /* Calculator80.png */,
				97132B5D1CA53B3200699AA8 /* start.jpg */,
				97792EBA1C96F498004AE11A /* LaunchScreen.storyboard */,
				97792EB11C96F498004AE11A /* AppDelegate.swift */,
				97792EBD1C96F498004AE11A /* Info.plist */,
			);
			name = "Supporting Files";
			sourceTree = "<group>";
		};
/* End PBXGroup section */

/* Begin PBXNativeTarget section */
		97792EAD1C96F497004AE11A /* Calculator */ = {
			isa = PBXNativeTarget;
			buildConfigurationList = 97792EC01C96F498004AE11A /* Build configuration list for PBXNativeTarget "Calculator" */;
			buildPhases = (
				97792EAA1C96F497004AE11A /* Sources */,
				97792EAB1C96F497004AE11A /* Frameworks */,
				97792EAC1C96F497004AE11A /* Resources */,
			);
			buildRules = (
			);
			dependencies = (
			);
			name = Calculator;
			productName = Calculator;
			productReference = 97792EAE1C96F498004AE11A /* Calculator.app */;
			productType = "com.apple.product-type.application";
		};
/* End PBXNativeTarget section */

/* Begin PBXProject section */
		97792EA61C96F497004AE11A /* Project object */ = {
			isa = PBXProject;
			attributes = {
				LastSwiftUpdateCheck = 0720;
				LastUpgradeCheck = 0720;
				ORGANIZATIONNAME = SunDiz;
				TargetAttributes = {
					97792EAD1C96F497004AE11A = {
						CreatedOnToolsVersion = 7.2.1;
						DevelopmentTeam = 3YB9FNSF38;
					};
				};
			};
			buildConfigurationList = 97792EA91C96F497004AE11A /* Build configuration list for PBXProject "Calculator" */;
			compatibilityVersion = "Xcode 3.2";
			developmentRegion = English;
			hasScannedForEncodings = 0;
			knownRegions = (
				en,
				Base,
			);
			mainGroup = 97792EA51C96F497004AE11A;
			productRefGroup = 97792EAF1C96F498004AE11A /* Products */;
			projectDirPath = "";
			projectRoot = "";
			targets = (
				97792EAD1C96F497004AE11A /* Calculator */,
			);
		};
/* End PBXProject section */

/* Begin PBXResourcesBuildPhase section */
		97792EAC1C96F497004AE11A /* Resources */ = {
			isa = PBXResourcesBuildPhase;
			buildActionMask = 2147483647;
			files = (
				97792EBC1C96F498004AE11A /* LaunchScreen.storyboard in Resources */,
				97132B5E1CA53B3200699AA8 /* start.jpg in Resources */,
				97132B6A1CA5A62800699AA8 /* myCal.png in Resources */,
				97132B661CA5A3BF00699AA8 /* Calculator80.png in Resources */,
				97132B681CA5A41100699AA8 /* Assets.xcassets in Resources */,
				97792EB71C96F498004AE11A /* Main.storyboard in Resources */,
			);
			runOnlyForDeploymentPostprocessing = 0;
		};
/* End PBXResourcesBuildPhase section */

/* Begin PBXSourcesBuildPhase section */
		97792EAA1C96F497004AE11A /* Sources */ = {
			isa = PBXSourcesBuildPhase;
			buildActionMask = 2147483647;
			files = (
				9742CF051C9A8E9800EE0575 /* CalculatorBrain.swift in Sources */,
				97792EB41C96F498004AE11A /* ViewController.swift in Sources */,
				97792EB21C96F498004AE11A /* AppDelegate.swift in Sources */,
			);
			runOnlyForDeploymentPostprocessing = 0;
		};
/* End PBXSourcesBuildPhase section */

/* Begin PBXVariantGroup section */
		97792EB51C96F498004AE11A /* Main.storyboard */ = {
			isa = PBXVariantGroup;
			children = (
				97792EB61C96F498004AE11A /* Base */,
			);
			name = Main.storyboard;
			sourceTree = "<group>";
		};
		97792EBA1C96F498004AE11A /* LaunchScreen.storyboard */ = {
			isa = PBXVariantGroup;
			children = (
				97792EBB1C96F498004AE11A /* Base */,
			);
			name = LaunchScreen.storyboard;
			sourceTree = "<group>";
		};
/* End PBXVariantGroup section */

/* Begin XCBuildConfiguration section */
		97792EBE1C96F498004AE11A /* Debug */ = {
			isa = XCBuildConfiguration;
			buildSettings = {
				ALWAYS_SEARCH_USER_PATHS = NO;
				CLANG_CXX_LANGUAGE_STANDARD = "gnu++0x";
				CLANG_CXX_LIBRARY = "libc++";
				CLANG_ENABLE_MODULES = YES;
				CLANG_ENABLE_OBJC_ARC = YES;
				CLANG_WARN_BOOL_CONVERSION = YES;
				CLANG_WARN_CONSTANT_CONVERSION = YES;
				CLANG_WARN_DIRECT_OBJC_ISA_USAGE = YES_ERROR;
				CLANG_WARN_EMPTY_BODY = YES;
				CLANG_WARN_ENUM_CONVERSION = YES;
				CLANG_WARN_INT_CONVERSION = YES;
				CLANG_WARN_OBJC_ROOT_CLASS = YES_ERROR;
				CLANG_WARN_UNREACHABLE_CODE = YES;
				CLANG_WARN__DUPLICATE_METHOD_MATCH = YES;
				"CODE_SIGN_IDENTITY[sdk=iphoneos*]" = "iPhone Developer";
				COPY_PHASE_STRIP = NO;
				DEBUG_INFORMATION_FORMAT = dwarf;
				ENABLE_STRICT_OBJC_MSGSEND = YES;
				ENABLE_TESTABILITY = YES;
				GCC_C_LANGUAGE_STANDARD = gnu99;
				GCC_DYNAMIC_NO_PIC = NO;
				GCC_NO_COMMON_BLOCKS = YES;
				GCC_OPTIMIZATION_LEVEL = 0;
				GCC_PREPROCESSOR_DEFINITIONS = (
					"DEBUG=1",
					"$(inherited)",
				);
				GCC_WARN_64_TO_32_BIT_CONVERSION = YES;
				GCC_WARN_ABOUT_RETURN_TYPE = YES_ERROR;
				GCC_WARN_UNDECLARED_SELECTOR = YES;
				GCC_WARN_UNINITIALIZED_AUTOS = YES_AGGRESSIVE;
				GCC_WARN_UNUSED_FUNCTION = YES;
				GCC_WARN_UNUSED_VARIABLE = YES;
				IPHONEOS_DEPLOYMENT_TARGET = 9.2;
				MTL_ENABLE_DEBUG_INFO = YES;
				ONLY_ACTIVE_ARCH = YES;
				SDKROOT = iphoneos;
				SWIFT_OPTIMIZATION_LEVEL = "-Onone";
			};
			name = Debug;
		};
		97792EBF1C96F498004AE11A /* Release */ = {
			isa = XCBuildConfiguration;
			buildSettings = {
				ALWAYS_SEARCH_USER_PATHS = NO;
				CLANG_CXX_LANGUAGE_STANDARD = "gnu++0x";
				CLANG_CXX_LIBRARY = "libc++";
				CLANG_ENABLE_MODULES = YES;
				CLANG_ENABLE_OBJC_ARC = YES;
				CLANG_WARN_BOOL_CONVERSION = YES;
				CLANG_WARN_CONSTANT_CONVERSION = YES;
				CLANG_WARN_DIRECT_OBJC_ISA_USAGE = YES_ERROR;
				CLANG_WARN_EMPTY_BODY = YES;
				CLANG_WARN_ENUM_CONVERSION = YES;
				CLANG_WARN_INT_CONVERSION = YES;
				CLANG_WARN_OBJC_ROOT_CLASS = YES_ERROR;
				CLANG_WARN_UNREACHABLE_CODE = YES;
				CLANG_WARN__DUPLICATE_METHOD_MATCH = YES;
				"CODE_SIGN_IDENTITY[sdk=iphoneos*]" = "iPhone Developer";
				COPY_PHASE_STRIP = NO;
				DEBUG_INFORMATION_FORMAT = "dwarf-with-dsym";
				ENABLE_NS_ASSERTIONS = NO;
				ENABLE_STRICT_OBJC_MSGSEND = YES;
				GCC_C_LANGUAGE_STANDARD = gnu99;
				GCC_NO_COMMON_BLOCKS = YES;
				GCC_WARN_64_TO_32_BIT_CONVERSION = YES;
				GCC_WARN_ABOUT_RETURN_TYPE = YES_ERROR;
				GCC_WARN_UNDECLARED_SELECTOR = YES;
				GCC_WARN_UNINITIALIZED_AUTOS = YES_AGGRESSIVE;
				GCC_WARN_UNUSED_FUNCTION = YES;
				GCC_WARN_UNUSED_VARIABLE = YES;
				IPHONEOS_DEPLOYMENT_TARGET = 9.2;
				MTL_ENABLE_DEBUG_INFO = NO;
				SDKROOT = iphoneos;
				VALIDATE_PRODUCT = YES;
			};
			name = Release;
		};
		97792EC11C96F498004AE11A /* Debug */ = {
			isa = XCBuildConfiguration;
			buildSettings = {
				ASSETCATALOG_COMPILER_APPICON_NAME = AppIcon;
				INFOPLIST_FILE = Calculator/Info.plist;
				LD_RUNPATH_SEARCH_PATHS = "$(inherited) @executable_path/Frameworks";
				PRODUCT_BUNDLE_IDENTIFIER = com.dizsun.Calculator;
				PRODUCT_NAME = "$(TARGET_NAME)";
			};
			name = Debug;
		};
		97792EC21C96F498004AE11A /* Release */ = {
			isa = XCBuildConfiguration;
			buildSettings = {
				ASSETCATALOG_COMPILER_APPICON_NAME = AppIcon;
				INFOPLIST_FILE = Calculator/Info.plist;
				LD_RUNPATH_SEARCH_PATHS = "$(inherited) @executable_path/Frameworks";
				PRODUCT_BUNDLE_IDENTIFIER = com.dizsun.Calculator;
				PRODUCT_NAME = "$(TARGET_NAME)";
			};
			name = Release;
		};
/* End XCBuildConfiguration section */

/* Begin XCConfigurationList section */
		97792EA91C96F497004AE11A /* Build configuration list for PBXProject "Calculator" */ = {
			isa = XCConfigurationList;
			buildConfigurations = (
				97792EBE1C96F498004AE11A /* Debug */,
				97792EBF1C96F498004AE11A /* Release */,
			);
			defaultConfigurationIsVisible = 0;
			defaultConfigurationName = Release;
		};
		97792EC01C96F498004AE11A /* Build configuration list for PBXNativeTarget "Calculator" */ = {
			isa = XCConfigurationList;
			buildConfigurations = (
				97792EC11C96F498004AE11A /* Debug */,
				97792EC21C96F498004AE11A /* Release */,
			);
			defaultConfigurationIsVisible = 0;
			defaultConfigurationName = Release;
		};
/* End XCConfigurationList section */
	};
	rootObject = 97792EA61C96F497004AE11A /* Project object */;
}
